
Microsoft Visual Studio Solution File, Format Version 12.00
# Visual Studio Version 17
VisualStudioVersion = 17.5.33530.505
MinimumVisualStudioVersion = 10.0.40219.1
Project("{9A19103F-16F7-4668-BE54-9A1E7A4F7556}") = "www_farfetch_com", "ParserWebStore\www_farfetch_com.csproj", "{BFDF2F33-3F67-4387-8A40-044D9D461C48}"
EndProject
Project("{9A19103F-16F7-4668-BE54-9A1E7A4F7556}") = "WebClientService", "WebClientService\WebClientService.csproj", "{F3B1020F-6B3E-4EC9-91B5-12A9986902EB}"
EndProject
Global
	GlobalSection(SolutionConfigurationPlatforms) = preSolution
		Debug|Any CPU = Debug|Any CPU
		Release|Any CPU = Release|Any CPU
	EndGlobalSection
	GlobalSection(ProjectConfigurationPlatforms) = postSolution
		{BFDF2F33-3F67-4387-8A40-044D9D461C48}.Debug|Any CPU.ActiveCfg = Debug|Any CPU
		{BFDF2F33-3F67-4387-8A40-044D9D461C48}.Debug|Any CPU.Build.0 = Debug|Any CPU
		{BFDF2F33-3F67-4387-8A40-044D9D461C48}.Release|Any CPU.ActiveCfg = Release|Any CPU
		{BFDF2F33-3F67-4387-8A40-044D9D461C48}.Release|Any CPU.Build.0 = Release|Any CPU
		{F3B1020F-6B3E-4EC9-91B5-12A9986902EB}.Debug|Any CPU.ActiveCfg = Debug|Any CPU
		{F3B1020F-6B3E-4EC9-91B5-12A9986902EB}.Debug|Any CPU.Build.0 = Debug|Any CPU
		{F3B1020F-6B3E-4EC9-91B5-12A9986902EB}.Release|Any CPU.ActiveCfg = Release|Any CPU
		{F3B1020F-6B3E-4EC9-91B5-12A9986902EB}.Release|Any CPU.Build.0 = Release|Any CPU
	EndGlobalSection
	GlobalSection(SolutionProperties) = preSolution
		HideSolutionNode = FALSE
	EndGlobalSection
	GlobalSection(ExtensibilityGlobals) = postSolution
		SolutionGuid = {97AEDD1F-B377-4135-BCF6-0BA7859E4603}
	EndGlobalSection
EndGlobal
